
Microsoft Visual Studio Solution File, Format Version 12.00
# Visual Studio 15
VisualStudioVersion = 15.0.28307.960
MinimumVisualStudioVersion = 10.0.40219.1
Project("{FAE04EC0-301F-11D3-BF4B-00C04F79EFBC}") = "Respirateur", "Interface_Respirateur\Respirateur.csproj", "{1B16A39D-E118-4F2A-983B-DCBA1B34C28E}"
EndProject
Project("{FAE04EC0-301F-11D3-BF4B-00C04F79EFBC}") = "WpfRespirateur_Interface", "..\WpfRespirateur_Interface\WpfRespirateur_Interface\WpfRespirateur_Interface.csproj", "{D35C4EB6-23D1-480B-8A24-4E083B283D69}"
EndProject
Project("{FAE04EC0-301F-11D3-BF4B-00C04F79EFBC}") = "WpfOscilloscopeControl", "..\WpfOscilloscope\WpfOscilloscopeControl.csproj", "{88BAA407-3FEA-4F4B-BB41-5309CE48884E}"
EndProject
Project("{FAE04EC0-301F-11D3-BF4B-00C04F79EFBC}") = "MessageGenerator", "..\MessageGenerator\MessageGenerator.csproj", "{7F098EE2-A8CD-48CF-B9F4-256EA3DF2BC6}"
EndProject
Project("{FAE04EC0-301F-11D3-BF4B-00C04F79EFBC}") = "Constants", "..\Constants\Constants.csproj", "{0540B497-B2CE-40A1-84B5-3109CE2F3146}"
EndProject
Project("{FAE04EC0-301F-11D3-BF4B-00C04F79EFBC}") = "MessageProcessor", "..\MessageProcessor\MessageProcessor.csproj", "{12C1DB8F-4309-43E2-B576-FEB50B59EC25}"
EndProject
Project("{FAE04EC0-301F-11D3-BF4B-00C04F79EFBC}") = "ExtendedSerialPort", "..\ExtendedSerialPort\ExtendedSerialPort\ExtendedSerialPort.csproj", "{21AC599E-E3D5-4181-AA0F-7C2E00CCA016}"
EndProject
Project("{FAE04EC0-301F-11D3-BF4B-00C04F79EFBC}") = "MessageEncoder", "..\MessageEncoder\MessageEncoder.csproj", "{EFAFBA95-1787-41A9-8F12-14ECD9FE127A}"
EndProject
Project("{FAE04EC0-301F-11D3-BF4B-00C04F79EFBC}") = "MessageDecoder", "..\MessageDecoder\MessageDecoder.csproj", "{4603885F-CC5E-43E5-A4AF-063030CB0A32}"
EndProject
Project("{FAE04EC0-301F-11D3-BF4B-00C04F79EFBC}") = "EventArgsLibrary", "..\EventArgsLibrary\EventArgsLibrary.csproj", "{9C46A7C0-4675-41BE-B282-E6F0825AD73E}"
EndProject
Project("{FAE04EC0-301F-11D3-BF4B-00C04F79EFBC}") = "Utilities", "..\Utilities\Utilities.csproj", "{8E7D0DA4-9A13-4B18-A90E-0243BBCCE40A}"
EndProject
Project("{FAE04EC0-301F-11D3-BF4B-00C04F79EFBC}") = "AdvancedTimers", "..\HighFreqTimer\AdvancedTimers.csproj", "{ECC907ED-F9B2-457F-901E-720987934E47}"
EndProject
Project("{FAE04EC0-301F-11D3-BF4B-00C04F79EFBC}") = "WpfRespirateur_Interface_Monitor", "..\WpfRespirateur_Interface_Monitor\WpfRespirateur_Interface_Monitor\WpfRespirateur_Interface_Monitor.csproj", "{9565F2D4-F45E-47CE-AA73-709098B225A0}"
EndProject
Global
	GlobalSection(SolutionConfigurationPlatforms) = preSolution
		Debug|Any CPU = Debug|Any CPU
		Debug|x64 = Debug|x64
		Release|Any CPU = Release|Any CPU
		Release|x64 = Release|x64
	EndGlobalSection
	GlobalSection(ProjectConfigurationPlatforms) = postSolution
		{1B16A39D-E118-4F2A-983B-DCBA1B34C28E}.Debug|Any CPU.ActiveCfg = Debug|Any CPU
		{1B16A39D-E118-4F2A-983B-DCBA1B34C28E}.Debug|Any CPU.Build.0 = Debug|Any CPU
		{1B16A39D-E118-4F2A-983B-DCBA1B34C28E}.Debug|x64.ActiveCfg = Debug|Any CPU
		{1B16A39D-E118-4F2A-983B-DCBA1B34C28E}.Debug|x64.Build.0 = Debug|Any CPU
		{1B16A39D-E118-4F2A-983B-DCBA1B34C28E}.Release|Any CPU.ActiveCfg = Release|Any CPU
		{1B16A39D-E118-4F2A-983B-DCBA1B34C28E}.Release|Any CPU.Build.0 = Release|Any CPU
		{1B16A39D-E118-4F2A-983B-DCBA1B34C28E}.Release|x64.ActiveCfg = Release|Any CPU
		{1B16A39D-E118-4F2A-983B-DCBA1B34C28E}.Release|x64.Build.0 = Release|Any CPU
		{D35C4EB6-23D1-480B-8A24-4E083B283D69}.Debug|Any CPU.ActiveCfg = Debug|Any CPU
		{D35C4EB6-23D1-480B-8A24-4E083B283D69}.Debug|Any CPU.Build.0 = Debug|Any CPU
		{D35C4EB6-23D1-480B-8A24-4E083B283D69}.Debug|x64.ActiveCfg = Debug|Any CPU
		{D35C4EB6-23D1-480B-8A24-4E083B283D69}.Debug|x64.Build.0 = Debug|Any CPU
		{D35C4EB6-23D1-480B-8A24-4E083B283D69}.Release|Any CPU.ActiveCfg = Release|Any CPU
		{D35C4EB6-23D1-480B-8A24-4E083B283D69}.Release|Any CPU.Build.0 = Release|Any CPU
		{D35C4EB6-23D1-480B-8A24-4E083B283D69}.Release|x64.ActiveCfg = Release|Any CPU
		{D35C4EB6-23D1-480B-8A24-4E083B283D69}.Release|x64.Build.0 = Release|Any CPU
		{88BAA407-3FEA-4F4B-BB41-5309CE48884E}.Debug|Any CPU.ActiveCfg = Debug|Any CPU
		{88BAA407-3FEA-4F4B-BB41-5309CE48884E}.Debug|Any CPU.Build.0 = Debug|Any CPU
		{88BAA407-3FEA-4F4B-BB41-5309CE48884E}.Debug|x64.ActiveCfg = Debug|x64
		{88BAA407-3FEA-4F4B-BB41-5309CE48884E}.Debug|x64.Build.0 = Debug|x64
		{88BAA407-3FEA-4F4B-BB41-5309CE48884E}.Release|Any CPU.ActiveCfg = Release|Any CPU
		{88BAA407-3FEA-4F4B-BB41-5309CE48884E}.Release|Any CPU.Build.0 = Release|Any CPU
		{88BAA407-3FEA-4F4B-BB41-5309CE48884E}.Release|x64.ActiveCfg = Release|x64
		{88BAA407-3FEA-4F4B-BB41-5309CE48884E}.Release|x64.Build.0 = Release|x64
		{7F098EE2-A8CD-48CF-B9F4-256EA3DF2BC6}.Debug|Any CPU.ActiveCfg = Debug|Any CPU
		{7F098EE2-A8CD-48CF-B9F4-256EA3DF2BC6}.Debug|Any CPU.Build.0 = Debug|Any CPU
		{7F098EE2-A8CD-48CF-B9F4-256EA3DF2BC6}.Debug|x64.ActiveCfg = Debug|x64
		{7F098EE2-A8CD-48CF-B9F4-256EA3DF2BC6}.Debug|x64.Build.0 = Debug|x64
		{7F098EE2-A8CD-48CF-B9F4-256EA3DF2BC6}.Release|Any CPU.ActiveCfg = Release|Any CPU
		{7F098EE2-A8CD-48CF-B9F4-256EA3DF2BC6}.Release|Any CPU.Build.0 = Release|Any CPU
		{7F098EE2-A8CD-48CF-B9F4-256EA3DF2BC6}.Release|x64.ActiveCfg = Release|x64
		{7F098EE2-A8CD-48CF-B9F4-256EA3DF2BC6}.Release|x64.Build.0 = Release|x64
		{0540B497-B2CE-40A1-84B5-3109CE2F3146}.Debug|Any CPU.ActiveCfg = Debug|Any CPU
		{0540B497-B2CE-40A1-84B5-3109CE2F3146}.Debug|Any CPU.Build.0 = Debug|Any CPU
		{0540B497-B2CE-40A1-84B5-3109CE2F3146}.Debug|x64.ActiveCfg = Debug|x64
		{0540B497-B2CE-40A1-84B5-3109CE2F3146}.Debug|x64.Build.0 = Debug|x64
		{0540B497-B2CE-40A1-84B5-3109CE2F3146}.Release|Any CPU.ActiveCfg = Release|Any CPU
		{0540B497-B2CE-40A1-84B5-3109CE2F3146}.Release|Any CPU.Build.0 = Release|Any CPU
		{0540B497-B2CE-40A1-84B5-3109CE2F3146}.Release|x64.ActiveCfg = Release|x64
		{0540B497-B2CE-40A1-84B5-3109CE2F3146}.Release|x64.Build.0 = Release|x64
		{12C1DB8F-4309-43E2-B576-FEB50B59EC25}.Debug|Any CPU.ActiveCfg = Debug|Any CPU
		{12C1DB8F-4309-43E2-B576-FEB50B59EC25}.Debug|Any CPU.Build.0 = Debug|Any CPU
		{12C1DB8F-4309-43E2-B576-FEB50B59EC25}.Debug|x64.ActiveCfg = Debug|x64
		{12C1DB8F-4309-43E2-B576-FEB50B59EC25}.Debug|x64.Build.0 = Debug|x64
		{12C1DB8F-4309-43E2-B576-FEB50B59EC25}.Release|Any CPU.ActiveCfg = Release|Any CPU
		{12C1DB8F-4309-43E2-B576-FEB50B59EC25}.Release|Any CPU.Build.0 = Release|Any CPU
		{12C1DB8F-4309-43E2-B576-FEB50B59EC25}.Release|x64.ActiveCfg = Release|x64
		{12C1DB8F-4309-43E2-B576-FEB50B59EC25}.Release|x64.Build.0 = Release|x64
		{21AC599E-E3D5-4181-AA0F-7C2E00CCA016}.Debug|Any CPU.ActiveCfg = Debug|Any CPU
		{21AC599E-E3D5-4181-AA0F-7C2E00CCA016}.Debug|Any CPU.Build.0 = Debug|Any CPU
		{21AC599E-E3D5-4181-AA0F-7C2E00CCA016}.Debug|x64.ActiveCfg = Debug|x64
		{21AC599E-E3D5-4181-AA0F-7C2E00CCA016}.Debug|x64.Build.0 = Debug|x64
		{21AC599E-E3D5-4181-AA0F-7C2E00CCA016}.Release|Any CPU.ActiveCfg = Release|Any CPU
		{21AC599E-E3D5-4181-AA0F-7C2E00CCA016}.Release|Any CPU.Build.0 = Release|Any CPU
		{21AC599E-E3D5-4181-AA0F-7C2E00CCA016}.Release|x64.ActiveCfg = Release|x64
		{21AC599E-E3D5-4181-AA0F-7C2E00CCA016}.Release|x64.Build.0 = Release|x64
		{EFAFBA95-1787-41A9-8F12-14ECD9FE127A}.Debug|Any CPU.ActiveCfg = Debug|Any CPU
		{EFAFBA95-1787-41A9-8F12-14ECD9FE127A}.Debug|Any CPU.Build.0 = Debug|Any CPU
		{EFAFBA95-1787-41A9-8F12-14ECD9FE127A}.Debug|x64.ActiveCfg = Debug|x64
		{EFAFBA95-1787-41A9-8F12-14ECD9FE127A}.Debug|x64.Build.0 = Debug|x64
		{EFAFBA95-1787-41A9-8F12-14ECD9FE127A}.Release|Any CPU.ActiveCfg = Release|Any CPU
		{EFAFBA95-1787-41A9-8F12-14ECD9FE127A}.Release|Any CPU.Build.0 = Release|Any CPU
		{EFAFBA95-1787-41A9-8F12-14ECD9FE127A}.Release|x64.ActiveCfg = Release|x64
		{EFAFBA95-1787-41A9-8F12-14ECD9FE127A}.Release|x64.Build.0 = Release|x64
		{4603885F-CC5E-43E5-A4AF-063030CB0A32}.Debug|Any CPU.ActiveCfg = Debug|Any CPU
		{4603885F-CC5E-43E5-A4AF-063030CB0A32}.Debug|Any CPU.Build.0 = Debug|Any CPU
		{4603885F-CC5E-43E5-A4AF-063030CB0A32}.Debug|x64.ActiveCfg = Debug|x64
		{4603885F-CC5E-43E5-A4AF-063030CB0A32}.Debug|x64.Build.0 = Debug|x64
		{4603885F-CC5E-43E5-A4AF-063030CB0A32}.Release|Any CPU.ActiveCfg = Release|Any CPU
		{4603885F-CC5E-43E5-A4AF-063030CB0A32}.Release|Any CPU.Build.0 = Release|Any CPU
		{4603885F-CC5E-43E5-A4AF-063030CB0A32}.Release|x64.ActiveCfg = Release|x64
		{4603885F-CC5E-43E5-A4AF-063030CB0A32}.Release|x64.Build.0 = Release|x64
		{9C46A7C0-4675-41BE-B282-E6F0825AD73E}.Debug|Any CPU.ActiveCfg = Debug|Any CPU
		{9C46A7C0-4675-41BE-B282-E6F0825AD73E}.Debug|Any CPU.Build.0 = Debug|Any CPU
		{9C46A7C0-4675-41BE-B282-E6F0825AD73E}.Debug|x64.ActiveCfg = Debug|x64
		{9C46A7C0-4675-41BE-B282-E6F0825AD73E}.Debug|x64.Build.0 = Debug|x64
		{9C46A7C0-4675-41BE-B282-E6F0825AD73E}.Release|Any CPU.ActiveCfg = Release|Any CPU
		{9C46A7C0-4675-41BE-B282-E6F0825AD73E}.Release|Any CPU.Build.0 = Release|Any CPU
		{9C46A7C0-4675-41BE-B282-E6F0825AD73E}.Release|x64.ActiveCfg = Release|x64
		{9C46A7C0-4675-41BE-B282-E6F0825AD73E}.Release|x64.Build.0 = Release|x64
		{8E7D0DA4-9A13-4B18-A90E-0243BBCCE40A}.Debug|Any CPU.ActiveCfg = Debug|Any CPU
		{8E7D0DA4-9A13-4B18-A90E-0243BBCCE40A}.Debug|Any CPU.Build.0 = Debug|Any CPU
		{8E7D0DA4-9A13-4B18-A90E-0243BBCCE40A}.Debug|x64.ActiveCfg = Debug|x64
		{8E7D0DA4-9A13-4B18-A90E-0243BBCCE40A}.Debug|x64.Build.0 = Debug|x64
		{8E7D0DA4-9A13-4B18-A90E-0243BBCCE40A}.Release|Any CPU.ActiveCfg = Release|Any CPU
		{8E7D0DA4-9A13-4B18-A90E-0243BBCCE40A}.Release|Any CPU.Build.0 = Release|Any CPU
		{8E7D0DA4-9A13-4B18-A90E-0243BBCCE40A}.Release|x64.ActiveCfg = Release|x64
		{8E7D0DA4-9A13-4B18-A90E-0243BBCCE40A}.Release|x64.Build.0 = Release|x64
		{ECC907ED-F9B2-457F-901E-720987934E47}.Debug|Any CPU.ActiveCfg = Debug|Any CPU
		{ECC907ED-F9B2-457F-901E-720987934E47}.Debug|Any CPU.Build.0 = Debug|Any CPU
		{ECC907ED-F9B2-457F-901E-720987934E47}.Debug|x64.ActiveCfg = Debug|x64
		{ECC907ED-F9B2-457F-901E-720987934E47}.Debug|x64.Build.0 = Debug|x64
		{ECC907ED-F9B2-457F-901E-720987934E47}.Release|Any CPU.ActiveCfg = Release|Any CPU
		{ECC907ED-F9B2-457F-901E-720987934E47}.Release|Any CPU.Build.0 = Release|Any CPU
		{ECC907ED-F9B2-457F-901E-720987934E47}.Release|x64.ActiveCfg = Release|x64
		{ECC907ED-F9B2-457F-901E-720987934E47}.Release|x64.Build.0 = Release|x64
		{9565F2D4-F45E-47CE-AA73-709098B225A0}.Debug|Any CPU.ActiveCfg = Debug|Any CPU
		{9565F2D4-F45E-47CE-AA73-709098B225A0}.Debug|Any CPU.Build.0 = Debug|Any CPU
		{9565F2D4-F45E-47CE-AA73-709098B225A0}.Debug|x64.ActiveCfg = Debug|Any CPU
		{9565F2D4-F45E-47CE-AA73-709098B225A0}.Debug|x64.Build.0 = Debug|Any CPU
		{9565F2D4-F45E-47CE-AA73-709098B225A0}.Release|Any CPU.ActiveCfg = Release|Any CPU
		{9565F2D4-F45E-47CE-AA73-709098B225A0}.Release|Any CPU.Build.0 = Release|Any CPU
		{9565F2D4-F45E-47CE-AA73-709098B225A0}.Release|x64.ActiveCfg = Release|Any CPU
		{9565F2D4-F45E-47CE-AA73-709098B225A0}.Release|x64.Build.0 = Release|Any CPU
	EndGlobalSection
	GlobalSection(SolutionProperties) = preSolution
		HideSolutionNode = FALSE
	EndGlobalSection
	GlobalSection(ExtensibilityGlobals) = postSolution
		SolutionGuid = {29CAAACE-418F-42A5-A22E-177666829B9D}
	EndGlobalSection
EndGlobal
